// !$*UTF8*$!
{
	archiveVersion = 1;
	classes = {
	};
	objectVersion = 46;
	objects = {

/* Begin PBXBuildFile section */
		F18B62761DC5D00E003879EE /* AppDelegate.swift in Sources */ = {isa = PBXBuildFile; fileRef = F18B62751DC5D00E003879EE /* AppDelegate.swift */; };
		F18B62781DC5D00E003879EE /* ViewController.swift in Sources */ = {isa = PBXBuildFile; fileRef = F18B62771DC5D00E003879EE /* ViewController.swift */; };
		F18B627B1DC5D00E003879EE /* Main.storyboard in Resources */ = {isa = PBXBuildFile; fileRef = F18B62791DC5D00E003879EE /* Main.storyboard */; };
		F18B627D1DC5D00E003879EE /* Assets.xcassets in Resources */ = {isa = PBXBuildFile; fileRef = F18B627C1DC5D00E003879EE /* Assets.xcassets */; };
		F18B62801DC5D00E003879EE /* LaunchScreen.storyboard in Resources */ = {isa = PBXBuildFile; fileRef = F18B627E1DC5D00E003879EE /* LaunchScreen.storyboard */; };
/* End PBXBuildFile section */

/* Begin PBXFileReference section */
		F18B62721DC5D00E003879EE /* AlgorithmsSorting.app */ = {isa = PBXFileReference; explicitFileType = wrapper.application; includeInIndex = 0; path = AlgorithmsSorting.app; sourceTree = BUILT_PRODUCTS_DIR; };
		F18B62751DC5D00E003879EE /* AppDelegate.swift */ = {isa = PBXFileReference; lastKnownFileType = sourcecode.swift; path = AppDelegate.swift; sourceTree = "<group>"; };
		F18B62771DC5D00E003879EE /* ViewController.swift */ = {isa = PBXFileReference; lastKnownFileType = sourcecode.swift; path = ViewController.swift; sourceTree = "<group>"; };
		F18B627A1DC5D00E003879EE /* Base */ = {isa = PBXFileReference; lastKnownFileType = file.storyboard; name = Base; path = Base.lproj/Main.storyboard; sourceTree = "<group>"; };
		F18B627C1DC5D00E003879EE /* Assets.xcassets */ = {isa = PBXFileReference; lastKnownFileType = folder.assetcatalog; path = Assets.xcassets; sourceTree = "<group>"; };
		F18B627F1DC5D00E003879EE /* Base */ = {isa = PBXFileReference; lastKnownFileType = file.storyboard; name = Base; path = Base.lproj/LaunchScreen.storyboard; sourceTree = "<group>"; };
		F18B62811DC5D00E003879EE /* Info.plist */ = {isa = PBXFileReference; lastKnownFileType = text.plist.xml; path = Info.plist; sourceTree = "<group>"; };
/* End PBXFileReference section */

/* Begin PBXFrameworksBuildPhase section */
		F18B626F1DC5D00E003879EE /* Frameworks */ = {
			isa = PBXFrameworksBuildPhase;
			buildActionMask = 2147483647;
			files = (
			);
			runOnlyForDeploymentPostprocessing = 0;
		};
/* End PBXFrameworksBuildPhase section */

/* Begin PBXGroup section */
		F18B62691DC5D00E003879EE = {
			isa = PBXGroup;
			children = (
				F18B62741DC5D00E003879EE /* AlgorithmsSorting */,
				F18B62731DC5D00E003879EE /* Products */,
			);
			sourceTree = "<group>";
		};
		F18B62731DC5D00E003879EE /* Products */ = {
			isa = PBXGroup;
			children = (
				F18B62721DC5D00E003879EE /* AlgorithmsSorting.app */,
			);
			name = Products;
			sourceTree = "<group>";
		};
		F18B62741DC5D00E003879EE /* AlgorithmsSorting */ = {
			isa = PBXGroup;
			children = (
				F18B62751DC5D00E003879EE /* AppDelegate.swift */,
				F18B62771DC5D00E003879EE /* ViewController.swift */,
				F18B62791DC5D00E003879EE /* Main.storyboard */,
				F18B627C1DC5D00E003879EE /* Assets.xcassets */,
				F18B627E1DC5D00E003879EE /* LaunchScreen.storyboard */,
				F18B62811DC5D00E003879EE /* Info.plist */,
			);
			path = AlgorithmsSorting;
			sourceTree = "<group>";
		};
/* End PBXGroup section */

/* Begin PBXNativeTarget section */
		F18B62711DC5D00E003879EE /* AlgorithmsSorting */ = {
			isa = PBXNativeTarget;
			buildConfigurationList = F18B62841DC5D00E003879EE /* Build configuration list for PBXNativeTarget "AlgorithmsSorting" */;
			buildPhases = (
				F18B626E1DC5D00E003879EE /* Sources */,
				F18B626F1DC5D00E003879EE /* Frameworks */,
				F18B62701DC5D00E003879EE /* Resources */,
			);
			buildRules = (
			);
			dependencies = (
			);
			name = AlgorithmsSorting;
			productName = AlgorithmsSorting;
			productReference = F18B62721DC5D00E003879EE /* AlgorithmsSorting.app */;
			productType = "com.apple.product-type.application";
		};
/* End PBXNativeTarget section */

/* Begin PBXProject section */
		F18B626A1DC5D00E003879EE /* Project object */ = {
			isa = PBXProject;
			attributes = {
				LastSwiftUpdateCheck = 0810;
				LastUpgradeCheck = 0810;
				ORGANIZATIONNAME = "Vincent O'Sullivan";
				TargetAttributes = {
					F18B62711DC5D00E003879EE = {
						CreatedOnToolsVersion = 8.1;
						DevelopmentTeam = 27QRRWZMS6;
						ProvisioningStyle = Automatic;
					};
				};
			};
			buildConfigurationList = F18B626D1DC5D00E003879EE /* Build configuration list for PBXProject "AlgorithmsSorting" */;
			compatibilityVersion = "Xcode 3.2";
			developmentRegion = English;
			hasScannedForEncodings = 0;
			knownRegions = (
				en,
				Base,
			);
			mainGroup = F18B62691DC5D00E003879EE;
			productRefGroup = F18B62731DC5D00E003879EE /* Products */;
			projectDirPath = "";
			projectRoot = "";
			targets = (
				F18B62711DC5D00E003879EE /* AlgorithmsSorting */,
			);
		};
/* End PBXProject section */

/* Begin PBXResourcesBuildPhase section */
		F18B62701DC5D00E003879EE /* Resources */ = {
			isa = PBXResourcesBuildPhase;
			buildActionMask = 2147483647;
			files = (
				F18B62801DC5D00E003879EE /* LaunchScreen.storyboard in Resources */,
				F18B627D1DC5D00E003879EE /* Assets.xcassets in Resources */,
				F18B627B1DC5D00E003879EE /* Main.storyboard in Resources */,
			);
			runOnlyForDeploymentPostprocessing = 0;
		};
/* End PBXResourcesBuildPhase section */

/* Begin PBXSourcesBuildPhase section */
		F18B626E1DC5D00E003879EE /* Sources */ = {
			isa = PBXSourcesBuildPhase;
			buildActionMask = 2147483647;
			files = (
				F18B62781DC5D00E003879EE /* ViewController.swift in Sources */,
				F18B62761DC5D00E003879EE /* AppDelegate.swift in Sources */,
			);
			runOnlyForDeploymentPostprocessing = 0;
		};
/* End PBXSourcesBuildPhase section */

/* Begin PBXVariantGroup section */
		F18B62791DC5D00E003879EE /* Main.storyboard */ = {
			isa = PBXVariantGroup;
			children = (
				F18B627A1DC5D00E003879EE /* Base */,
			);
			name = Main.storyboard;
			sourceTree = "<group>";
		};
		F18B627E1DC5D00E003879EE /* LaunchScreen.storyboard */ = {
			isa = PBXVariantGroup;
			children = (
				F18B627F1DC5D00E003879EE /* Base */,
			);
			name = LaunchScreen.storyboard;
			sourceTree = "<group>";
		};
/* End PBXVariantGroup section */

/* Begin XCBuildConfiguration section */
		F18B62821DC5D00E003879EE /* Debug */ = {
			isa = XCBuildConfiguration;
			buildSettings = {
				ALWAYS_SEARCH_USER_PATHS = NO;
				CLANG_ANALYZER_NONNULL = YES;
				CLANG_CXX_LANGUAGE_STANDARD = "gnu++0x";
				CLANG_CXX_LIBRARY = "libc++";
				CLANG_ENABLE_MODULES = YES;
				CLANG_ENABLE_OBJC_ARC = YES;
				CLANG_WARN_BOOL_CONVERSION = YES;
				CLANG_WARN_CONSTANT_CONVERSION = YES;
				CLANG_WARN_DIRECT_OBJC_ISA_USAGE = YES_ERROR;
				CLANG_WARN_DOCUMENTATION_COMMENTS = YES;
				CLANG_WARN_EMPTY_BODY = YES;
				CLANG_WARN_ENUM_CONVERSION = YES;
				CLANG_WARN_INFINITE_RECURSION = YES;
				CLANG_WARN_INT_CONVERSION = YES;
				CLANG_WARN_OBJC_ROOT_CLASS = YES_ERROR;
				CLANG_WARN_SUSPICIOUS_MOVES = YES;
				CLANG_WARN_UNREACHABLE_CODE = YES;
				CLANG_WARN__DUPLICATE_METHOD_MATCH = YES;
				"CODE_SIGN_IDENTITY[sdk=iphoneos*]" = "iPhone Developer";
				COPY_PHASE_STRIP = NO;
				DEBUG_INFORMATION_FORMAT = dwarf;
				ENABLE_STRICT_OBJC_MSGSEND = YES;
				ENABLE_TESTABILITY = YES;
				GCC_C_LANGUAGE_STANDARD = gnu99;
				GCC_DYNAMIC_NO_PIC = NO;
				GCC_NO_COMMON_BLOCKS = YES;
				GCC_OPTIMIZATION_LEVEL = 0;
				GCC_PREPROCESSOR_DEFINITIONS = (
					"DEBUG=1",
					"$(inherited)",
				);
				GCC_WARN_64_TO_32_BIT_CONVERSION = YES;
				GCC_WARN_ABOUT_RETURN_TYPE = YES_ERROR;
				GCC_WARN_UNDECLARED_SELECTOR = YES;
				GCC_WARN_UNINITIALIZED_AUTOS = YES_AGGRESSIVE;
				GCC_WARN_UNUSED_FUNCTION = YES;
				GCC_WARN_UNUSED_VARIABLE = YES;
				IPHONEOS_DEPLOYMENT_TARGET = 10.1;
				MTL_ENABLE_DEBUG_INFO = YES;
				ONLY_ACTIVE_ARCH = YES;
				SDKROOT = iphoneos;
				SWIFT_ACTIVE_COMPILATION_CONDITIONS = DEBUG;
				SWIFT_OPTIMIZATION_LEVEL = "-Onone";
				TARGETED_DEVICE_FAMILY = "1,2";
			};
			name = Debug;
		};
		F18B62831DC5D00E003879EE /* Release */ = {
			isa = XCBuildConfiguration;
			buildSettings = {
				ALWAYS_SEARCH_USER_PATHS = NO;
				CLANG_ANALYZER_NONNULL = YES;
				CLANG_CXX_LANGUAGE_STANDARD = "gnu++0x";
				CLANG_CXX_LIBRARY = "libc++";
				CLANG_ENABLE_MODULES = YES;
				CLANG_ENABLE_OBJC_ARC = YES;
				CLANG_WARN_BOOL_CONVERSION = YES;
				CLANG_WARN_CONSTANT_CONVERSION = YES;
				CLANG_WARN_DIRECT_OBJC_ISA_USAGE = YES_ERROR;
				CLANG_WARN_DOCUMENTATION_COMMENTS = YES;
				CLANG_WARN_EMPTY_BODY = YES;
				CLANG_WARN_ENUM_CONVERSION = YES;
				CLANG_WARN_INFINITE_RECURSION = YES;
				CLANG_WARN_INT_CONVERSION = YES;
				CLANG_WARN_OBJC_ROOT_CLASS = YES_ERROR;
				CLANG_WARN_SUSPICIOUS_MOVES = YES;
				CLANG_WARN_UNREACHABLE_CODE = YES;
				CLANG_WARN__DUPLICATE_METHOD_MATCH = YES;
				"CODE_SIGN_IDENTITY[sdk=iphoneos*]" = "iPhone Developer";
				COPY_PHASE_STRIP = NO;
				DEBUG_INFORMATION_FORMAT = "dwarf-with-dsym";
				ENABLE_NS_ASSERTIONS = NO;
				ENABLE_STRICT_OBJC_MSGSEND = YES;
				GCC_C_LANGUAGE_STANDARD = gnu99;
				GCC_NO_COMMON_BLOCKS = YES;
				GCC_WARN_64_TO_32_BIT_CONVERSION = YES;
				GCC_WARN_ABOUT_RETURN_TYPE = YES_ERROR;
				GCC_WARN_UNDECLARED_SELECTOR = YES;
				GCC_WARN_UNINITIALIZED_AUTOS = YES_AGGRESSIVE;
				GCC_WARN_UNUSED_FUNCTION = YES;
				GCC_WARN_UNUSED_VARIABLE = YES;
				IPHONEOS_DEPLOYMENT_TARGET = 10.1;
				MTL_ENABLE_DEBUG_INFO = NO;
				SDKROOT = iphoneos;
				SWIFT_OPTIMIZATION_LEVEL = "-Owholemodule";
				TARGETED_DEVICE_FAMILY = "1,2";
				VALIDATE_PRODUCT = YES;
			};
			name = Release;
		};
		F18B62851DC5D00E003879EE /* Debug */ = {
			isa = XCBuildConfiguration;
			buildSettings = {
				ASSETCATALOG_COMPILER_APPICON_NAME = AppIcon;
				DEVELOPMENT_TEAM = 27QRRWZMS6;
				INFOPLIST_FILE = AlgorithmsSorting/Info.plist;
				LD_RUNPATH_SEARCH_PATHS = "$(inherited) @executable_path/Frameworks";
				PRODUCT_BUNDLE_IDENTIFIER = com.vjosullivan.AlgorithmsSorting;
				PRODUCT_NAME = "$(TARGET_NAME)";
				SWIFT_VERSION = 3.0;
			};
			name = Debug;
		};
		F18B62861DC5D00E003879EE /* Release */ = {
			isa = XCBuildConfiguration;
			buildSettings = {
				ASSETCATALOG_COMPILER_APPICON_NAME = AppIcon;
				DEVELOPMENT_TEAM = 27QRRWZMS6;
				INFOPLIST_FILE = AlgorithmsSorting/Info.plist;
				LD_RUNPATH_SEARCH_PATHS = "$(inherited) @executable_path/Frameworks";
				PRODUCT_BUNDLE_IDENTIFIER = com.vjosullivan.AlgorithmsSorting;
				PRODUCT_NAME = "$(TARGET_NAME)";
				SWIFT_VERSION = 3.0;
			};
			name = Release;
		};
/* End XCBuildConfiguration section */

/* Begin XCConfigurationList section */
		F18B626D1DC5D00E003879EE /* Build configuration list for PBXProject "AlgorithmsSorting" */ = {
			isa = XCConfigurationList;
			buildConfigurations = (
				F18B62821DC5D00E003879EE /* Debug */,
				F18B62831DC5D00E003879EE /* Release */,
			);
			defaultConfigurationIsVisible = 0;
			defaultConfigurationName = Release;
		};
		F18B62841DC5D00E003879EE /* Build configuration list for PBXNativeTarget "AlgorithmsSorting" */ = {
			isa = XCConfigurationList;
			buildConfigurations = (
				F18B62851DC5D00E003879EE /* Debug */,
				F18B62861DC5D00E003879EE /* Release */,
			);
			defaultConfigurationIsVisible = 0;
		};
/* End XCConfigurationList section */
	};
	rootObject = F18B626A1DC5D00E003879EE /* Project object */;
}
